
Microsoft Visual Studio Solution File, Format Version 12.00
# Visual Studio Version 16
VisualStudioVersion = 16.0.810.12
MinimumVisualStudioVersion = 10.0.40219.1
Project("{FAE04EC0-301F-11D3-BF4B-00C04F79EFBC}") = "MQTTDemo", "MQTTDemo\MQTTDemo.csproj", "{8435C223-A94D-459F-9A02-FBAE1D436C15}"
EndProject
Global
	GlobalSection(SolutionConfigurationPlatforms) = preSolution
		Debug|Any CPU = Debug|Any CPU
		Release|Any CPU = Release|Any CPU
	EndGlobalSection
	GlobalSection(ProjectConfigurationPlatforms) = postSolution
		{8435C223-A94D-459F-9A02-FBAE1D436C15}.Debug|Any CPU.ActiveCfg = Debug|Any CPU
		{8435C223-A94D-459F-9A02-FBAE1D436C15}.Debug|Any CPU.Build.0 = Debug|Any CPU
		{8435C223-A94D-459F-9A02-FBAE1D436C15}.Release|Any CPU.ActiveCfg = Release|Any CPU
		{8435C223-A94D-459F-9A02-FBAE1D436C15}.Release|Any CPU.Build.0 = Release|Any CPU
	EndGlobalSection
	GlobalSection(SolutionProperties) = preSolution
		HideSolutionNode = FALSE
	EndGlobalSection
	GlobalSection(ExtensibilityGlobals) = postSolution
		SolutionGuid = {8E0A7C40-AFDA-4A0B-B691-248B4DA1D55E}
	EndGlobalSection
EndGlobal
